
Microsoft Visual Studio Solution File, Format Version 12.00
# Visual Studio Version 17
VisualStudioVersion = 17.7.34024.191
MinimumVisualStudioVersion = 10.0.40219.1
Project("{FAE04EC0-301F-11D3-BF4B-00C04F79EFBC}") = "Lab4", "Lab4\Lab4.csproj", "{CF3BFD25-1E6E-435B-BF12-FEC71A921EA4}"
EndProject
Global
	GlobalSection(SolutionConfigurationPlatforms) = preSolution
		Debug|Any CPU = Debug|Any CPU
		Release|Any CPU = Release|Any CPU
	EndGlobalSection
	GlobalSection(ProjectConfigurationPlatforms) = postSolution
		{CF3BFD25-1E6E-435B-BF12-FEC71A921EA4}.Debug|Any CPU.ActiveCfg = Debug|Any CPU
		{CF3BFD25-1E6E-435B-BF12-FEC71A921EA4}.Debug|Any CPU.Build.0 = Debug|Any CPU
		{CF3BFD25-1E6E-435B-BF12-FEC71A921EA4}.Release|Any CPU.ActiveCfg = Release|Any CPU
		{CF3BFD25-1E6E-435B-BF12-FEC71A921EA4}.Release|Any CPU.Build.0 = Release|Any CPU
	EndGlobalSection
	GlobalSection(SolutionProperties) = preSolution
		HideSolutionNode = FALSE
	EndGlobalSection
	GlobalSection(ExtensibilityGlobals) = postSolution
		SolutionGuid = {AD6DED2E-47B7-43CB-8E12-8828F0C0C22A}
	EndGlobalSection
EndGlobal
